// !$*UTF8*$!
{
	archiveVersion = 1;
	classes = {
	};
	objectVersion = 56;
	objects = {

/* Begin PBXBuildFile section */
		E68250442AC2FAAE001FC8AB /* CVApp.swift in Sources */ = {isa = PBXBuildFile; fileRef = E68250432AC2FAAE001FC8AB /* CVApp.swift */; };
		E68250482AC2FAB0001FC8AB /* Assets.xcassets in Resources */ = {isa = PBXBuildFile; fileRef = E68250472AC2FAB0001FC8AB /* Assets.xcassets */; };
		E682504C2AC2FAB0001FC8AB /* Preview Assets.xcassets in Resources */ = {isa = PBXBuildFile; fileRef = E682504B2AC2FAB0001FC8AB /* Preview Assets.xcassets */; };
		E68250572AC2FB72001FC8AB /* Person+me.swift in Sources */ = {isa = PBXBuildFile; fileRef = E68250562AC2FB72001FC8AB /* Person+me.swift */; };
		E68250592AC2FB7E001FC8AB /* Person.swift in Sources */ = {isa = PBXBuildFile; fileRef = E68250582AC2FB7E001FC8AB /* Person.swift */; };
		E682505B2AC2FBBB001FC8AB /* Skill.swift in Sources */ = {isa = PBXBuildFile; fileRef = E682505A2AC2FBBB001FC8AB /* Skill.swift */; };
		E682505D2AC2FBC6001FC8AB /* Education.swift in Sources */ = {isa = PBXBuildFile; fileRef = E682505C2AC2FBC6001FC8AB /* Education.swift */; };
		E682505F2AC2FBD4001FC8AB /* Job.swift in Sources */ = {isa = PBXBuildFile; fileRef = E682505E2AC2FBD4001FC8AB /* Job.swift */; };
		E68250652AC2FC10001FC8AB /* Typealiases.swift in Sources */ = {isa = PBXBuildFile; fileRef = E68250642AC2FC10001FC8AB /* Typealiases.swift */; };
		E68250672AC2FC21001FC8AB /* ProgrammingLanguage.swift in Sources */ = {isa = PBXBuildFile; fileRef = E68250662AC2FC21001FC8AB /* ProgrammingLanguage.swift */; };
		E68250692AC2FC91001FC8AB /* Date+Extension.swift in Sources */ = {isa = PBXBuildFile; fileRef = E68250682AC2FC91001FC8AB /* Date+Extension.swift */; };
		E68250732AC2FD50001FC8AB /* HeaderView.swift in Sources */ = {isa = PBXBuildFile; fileRef = E68250722AC2FD50001FC8AB /* HeaderView.swift */; };
		E68250752AC2FD65001FC8AB /* HeaderViewModel.swift in Sources */ = {isa = PBXBuildFile; fileRef = E68250742AC2FD65001FC8AB /* HeaderViewModel.swift */; };
		E68250772AC2FD92001FC8AB /* CGFloat+Extension.swift in Sources */ = {isa = PBXBuildFile; fileRef = E68250762AC2FD92001FC8AB /* CGFloat+Extension.swift */; };
		E68250792AC2FE1E001FC8AB /* Color+Extension.swift in Sources */ = {isa = PBXBuildFile; fileRef = E68250782AC2FE1E001FC8AB /* Color+Extension.swift */; };
		E682507B2AC2FFC8001FC8AB /* TimelineView.swift in Sources */ = {isa = PBXBuildFile; fileRef = E682507A2AC2FFC8001FC8AB /* TimelineView.swift */; };
		E682507D2AC2FFD4001FC8AB /* TimelineViewModel.swift in Sources */ = {isa = PBXBuildFile; fileRef = E682507C2AC2FFD4001FC8AB /* TimelineViewModel.swift */; };
		E68250802AC30026001FC8AB /* DateView.swift in Sources */ = {isa = PBXBuildFile; fileRef = E682507F2AC30026001FC8AB /* DateView.swift */; };
		E68250822AC3008B001FC8AB /* InfoViewModel.swift in Sources */ = {isa = PBXBuildFile; fileRef = E68250812AC3008B001FC8AB /* InfoViewModel.swift */; };
		E68250842AC300B4001FC8AB /* DateFormatter+Extension.swift in Sources */ = {isa = PBXBuildFile; fileRef = E68250832AC300B4001FC8AB /* DateFormatter+Extension.swift */; };
		E68250862AC300F3001FC8AB /* SkillsViewModel.swift in Sources */ = {isa = PBXBuildFile; fileRef = E68250852AC300F3001FC8AB /* SkillsViewModel.swift */; };
		E68250882AC30103001FC8AB /* SkillsView.swift in Sources */ = {isa = PBXBuildFile; fileRef = E68250872AC30103001FC8AB /* SkillsView.swift */; };
		E682508A2AC3011A001FC8AB /* TagView.swift in Sources */ = {isa = PBXBuildFile; fileRef = E68250892AC3011A001FC8AB /* TagView.swift */; };
		E682508C2AC30130001FC8AB /* FlowLayout.swift in Sources */ = {isa = PBXBuildFile; fileRef = E682508B2AC30130001FC8AB /* FlowLayout.swift */; };
		E68250922AC30319001FC8AB /* InterestsView.swift in Sources */ = {isa = PBXBuildFile; fileRef = E68250912AC30319001FC8AB /* InterestsView.swift */; };
		E68250942AC30325001FC8AB /* InterestsViewModel.swift in Sources */ = {isa = PBXBuildFile; fileRef = E68250932AC30325001FC8AB /* InterestsViewModel.swift */; };
		E68250972AC30377001FC8AB /* Mainview.swift in Sources */ = {isa = PBXBuildFile; fileRef = E68250962AC30377001FC8AB /* Mainview.swift */; };
		E68250992AC3038E001FC8AB /* MainViewModel.swift in Sources */ = {isa = PBXBuildFile; fileRef = E68250982AC3038E001FC8AB /* MainViewModel.swift */; };
		E682509B2AC40A9C001FC8AB /* Launch Screen.storyboard in Resources */ = {isa = PBXBuildFile; fileRef = E682509A2AC40A9C001FC8AB /* Launch Screen.storyboard */; platformFilter = ios; };
/* End PBXBuildFile section */

/* Begin PBXFileReference section */
		E68250402AC2FAAE001FC8AB /* CV.app */ = {isa = PBXFileReference; explicitFileType = wrapper.application; includeInIndex = 0; path = CV.app; sourceTree = BUILT_PRODUCTS_DIR; };
		E68250432AC2FAAE001FC8AB /* CVApp.swift */ = {isa = PBXFileReference; lastKnownFileType = sourcecode.swift; path = CVApp.swift; sourceTree = "<group>"; };
		E68250472AC2FAB0001FC8AB /* Assets.xcassets */ = {isa = PBXFileReference; lastKnownFileType = folder.assetcatalog; path = Assets.xcassets; sourceTree = "<group>"; };
		E68250492AC2FAB0001FC8AB /* CV.entitlements */ = {isa = PBXFileReference; lastKnownFileType = text.plist.entitlements; path = CV.entitlements; sourceTree = "<group>"; };
		E682504B2AC2FAB0001FC8AB /* Preview Assets.xcassets */ = {isa = PBXFileReference; lastKnownFileType = folder.assetcatalog; path = "Preview Assets.xcassets"; sourceTree = "<group>"; };
		E68250562AC2FB72001FC8AB /* Person+me.swift */ = {isa = PBXFileReference; lastKnownFileType = sourcecode.swift; path = "Person+me.swift"; sourceTree = "<group>"; };
		E68250582AC2FB7E001FC8AB /* Person.swift */ = {isa = PBXFileReference; lastKnownFileType = sourcecode.swift; path = Person.swift; sourceTree = "<group>"; };
		E682505A2AC2FBBB001FC8AB /* Skill.swift */ = {isa = PBXFileReference; lastKnownFileType = sourcecode.swift; path = Skill.swift; sourceTree = "<group>"; };
		E682505C2AC2FBC6001FC8AB /* Education.swift */ = {isa = PBXFileReference; lastKnownFileType = sourcecode.swift; path = Education.swift; sourceTree = "<group>"; };
		E682505E2AC2FBD4001FC8AB /* Job.swift */ = {isa = PBXFileReference; lastKnownFileType = sourcecode.swift; path = Job.swift; sourceTree = "<group>"; };
		E68250642AC2FC10001FC8AB /* Typealiases.swift */ = {isa = PBXFileReference; lastKnownFileType = sourcecode.swift; path = Typealiases.swift; sourceTree = "<group>"; };
		E68250662AC2FC21001FC8AB /* ProgrammingLanguage.swift */ = {isa = PBXFileReference; lastKnownFileType = sourcecode.swift; path = ProgrammingLanguage.swift; sourceTree = "<group>"; };
		E68250682AC2FC91001FC8AB /* Date+Extension.swift */ = {isa = PBXFileReference; lastKnownFileType = sourcecode.swift; path = "Date+Extension.swift"; sourceTree = "<group>"; };
		E68250722AC2FD50001FC8AB /* HeaderView.swift */ = {isa = PBXFileReference; lastKnownFileType = sourcecode.swift; path = HeaderView.swift; sourceTree = "<group>"; };
		E68250742AC2FD65001FC8AB /* HeaderViewModel.swift */ = {isa = PBXFileReference; lastKnownFileType = sourcecode.swift; path = HeaderViewModel.swift; sourceTree = "<group>"; };
		E68250762AC2FD92001FC8AB /* CGFloat+Extension.swift */ = {isa = PBXFileReference; lastKnownFileType = sourcecode.swift; path = "CGFloat+Extension.swift"; sourceTree = "<group>"; };
		E68250782AC2FE1E001FC8AB /* Color+Extension.swift */ = {isa = PBXFileReference; lastKnownFileType = sourcecode.swift; path = "Color+Extension.swift"; sourceTree = "<group>"; };
		E682507A2AC2FFC8001FC8AB /* TimelineView.swift */ = {isa = PBXFileReference; lastKnownFileType = sourcecode.swift; path = TimelineView.swift; sourceTree = "<group>"; };
		E682507C2AC2FFD4001FC8AB /* TimelineViewModel.swift */ = {isa = PBXFileReference; lastKnownFileType = sourcecode.swift; path = TimelineViewModel.swift; sourceTree = "<group>"; };
		E682507F2AC30026001FC8AB /* DateView.swift */ = {isa = PBXFileReference; lastKnownFileType = sourcecode.swift; path = DateView.swift; sourceTree = "<group>"; };
		E68250812AC3008B001FC8AB /* InfoViewModel.swift */ = {isa = PBXFileReference; lastKnownFileType = sourcecode.swift; path = InfoViewModel.swift; sourceTree = "<group>"; };
		E68250832AC300B4001FC8AB /* DateFormatter+Extension.swift */ = {isa = PBXFileReference; lastKnownFileType = sourcecode.swift; path = "DateFormatter+Extension.swift"; sourceTree = "<group>"; };
		E68250852AC300F3001FC8AB /* SkillsViewModel.swift */ = {isa = PBXFileReference; lastKnownFileType = sourcecode.swift; path = SkillsViewModel.swift; sourceTree = "<group>"; };
		E68250872AC30103001FC8AB /* SkillsView.swift */ = {isa = PBXFileReference; lastKnownFileType = sourcecode.swift; path = SkillsView.swift; sourceTree = "<group>"; };
		E68250892AC3011A001FC8AB /* TagView.swift */ = {isa = PBXFileReference; lastKnownFileType = sourcecode.swift; path = TagView.swift; sourceTree = "<group>"; };
		E682508B2AC30130001FC8AB /* FlowLayout.swift */ = {isa = PBXFileReference; lastKnownFileType = sourcecode.swift; path = FlowLayout.swift; sourceTree = "<group>"; };
		E68250912AC30319001FC8AB /* InterestsView.swift */ = {isa = PBXFileReference; lastKnownFileType = sourcecode.swift; path = InterestsView.swift; sourceTree = "<group>"; };
		E68250932AC30325001FC8AB /* InterestsViewModel.swift */ = {isa = PBXFileReference; lastKnownFileType = sourcecode.swift; path = InterestsViewModel.swift; sourceTree = "<group>"; };
		E68250962AC30377001FC8AB /* Mainview.swift */ = {isa = PBXFileReference; lastKnownFileType = sourcecode.swift; path = Mainview.swift; sourceTree = "<group>"; };
		E68250982AC3038E001FC8AB /* MainViewModel.swift */ = {isa = PBXFileReference; lastKnownFileType = sourcecode.swift; path = MainViewModel.swift; sourceTree = "<group>"; };
		E682509A2AC40A9C001FC8AB /* Launch Screen.storyboard */ = {isa = PBXFileReference; lastKnownFileType = file.storyboard; path = "Launch Screen.storyboard"; sourceTree = "<group>"; };
/* End PBXFileReference section */

/* Begin PBXFrameworksBuildPhase section */
		E682503D2AC2FAAE001FC8AB /* Frameworks */ = {
			isa = PBXFrameworksBuildPhase;
			buildActionMask = 2147483647;
			files = (
			);
			runOnlyForDeploymentPostprocessing = 0;
		};
/* End PBXFrameworksBuildPhase section */

/* Begin PBXGroup section */
		E68250372AC2FAAE001FC8AB = {
			isa = PBXGroup;
			children = (
				E68250422AC2FAAE001FC8AB /* CV */,
				E68250412AC2FAAE001FC8AB /* Products */,
			);
			sourceTree = "<group>";
		};
		E68250412AC2FAAE001FC8AB /* Products */ = {
			isa = PBXGroup;
			children = (
				E68250402AC2FAAE001FC8AB /* CV.app */,
			);
			name = Products;
			sourceTree = "<group>";
		};
		E68250422AC2FAAE001FC8AB /* CV */ = {
			isa = PBXGroup;
			children = (
				E68250432AC2FAAE001FC8AB /* CVApp.swift */,
				E682506A2AC2FCC2001FC8AB /* Resources */,
				E682506B2AC2FCC6001FC8AB /* Sources */,
				E682504A2AC2FAB0001FC8AB /* Preview Content */,
			);
			path = CV;
			sourceTree = "<group>";
		};
		E682504A2AC2FAB0001FC8AB /* Preview Content */ = {
			isa = PBXGroup;
			children = (
				E682504B2AC2FAB0001FC8AB /* Preview Assets.xcassets */,
			);
			path = "Preview Content";
			sourceTree = "<group>";
		};
		E68250552AC2FB67001FC8AB /* Model */ = {
			isa = PBXGroup;
			children = (
				E68250562AC2FB72001FC8AB /* Person+me.swift */,
				E68250582AC2FB7E001FC8AB /* Person.swift */,
				E682505A2AC2FBBB001FC8AB /* Skill.swift */,
				E682505C2AC2FBC6001FC8AB /* Education.swift */,
				E68250662AC2FC21001FC8AB /* ProgrammingLanguage.swift */,
				E682505E2AC2FBD4001FC8AB /* Job.swift */,
			);
			path = Model;
			sourceTree = "<group>";
		};
		E68250622AC2FC02001FC8AB /* Extension */ = {
			isa = PBXGroup;
			children = (
				E68250682AC2FC91001FC8AB /* Date+Extension.swift */,
				E68250762AC2FD92001FC8AB /* CGFloat+Extension.swift */,
				E68250782AC2FE1E001FC8AB /* Color+Extension.swift */,
				E68250832AC300B4001FC8AB /* DateFormatter+Extension.swift */,
			);
			path = Extension;
			sourceTree = "<group>";
		};
		E68250632AC2FC06001FC8AB /* Helper */ = {
			isa = PBXGroup;
			children = (
				E68250642AC2FC10001FC8AB /* Typealiases.swift */,
			);
			path = Helper;
			sourceTree = "<group>";
		};
		E682506A2AC2FCC2001FC8AB /* Resources */ = {
			isa = PBXGroup;
			children = (
				E68250472AC2FAB0001FC8AB /* Assets.xcassets */,
				E68250492AC2FAB0001FC8AB /* CV.entitlements */,
				E682509A2AC40A9C001FC8AB /* Launch Screen.storyboard */,
			);
			path = Resources;
			sourceTree = "<group>";
		};
		E682506B2AC2FCC6001FC8AB /* Sources */ = {
			isa = PBXGroup;
			children = (
				E682507E2AC30018001FC8AB /* Common */,
				E682506C2AC2FD0B001FC8AB /* Sections */,
				E68250552AC2FB67001FC8AB /* Model */,
				E68250632AC2FC06001FC8AB /* Helper */,
				E68250622AC2FC02001FC8AB /* Extension */,
			);
			path = Sources;
			sourceTree = "<group>";
		};
		E682506C2AC2FD0B001FC8AB /* Sections */ = {
			isa = PBXGroup;
			children = (
				E68250952AC30372001FC8AB /* Main */,
				E68250712AC2FD34001FC8AB /* Interests */,
				E682506F2AC2FD26001FC8AB /* Skills */,
				E682506E2AC2FD21001FC8AB /* Timeline */,
				E682506D2AC2FD1D001FC8AB /* Header */,
			);
			path = Sections;
			sourceTree = "<group>";
		};
		E682506D2AC2FD1D001FC8AB /* Header */ = {
			isa = PBXGroup;
			children = (
				E68250722AC2FD50001FC8AB /* HeaderView.swift */,
				E68250742AC2FD65001FC8AB /* HeaderViewModel.swift */,
			);
			path = Header;
			sourceTree = "<group>";
		};
		E682506E2AC2FD21001FC8AB /* Timeline */ = {
			isa = PBXGroup;
			children = (
				E682507A2AC2FFC8001FC8AB /* TimelineView.swift */,
				E682507C2AC2FFD4001FC8AB /* TimelineViewModel.swift */,
			);
			path = Timeline;
			sourceTree = "<group>";
		};
		E682506F2AC2FD26001FC8AB /* Skills */ = {
			isa = PBXGroup;
			children = (
				E68250872AC30103001FC8AB /* SkillsView.swift */,
				E68250852AC300F3001FC8AB /* SkillsViewModel.swift */,
			);
			path = Skills;
			sourceTree = "<group>";
		};
		E68250712AC2FD34001FC8AB /* Interests */ = {
			isa = PBXGroup;
			children = (
				E68250912AC30319001FC8AB /* InterestsView.swift */,
				E68250932AC30325001FC8AB /* InterestsViewModel.swift */,
			);
			path = Interests;
			sourceTree = "<group>";
		};
		E682507E2AC30018001FC8AB /* Common */ = {
			isa = PBXGroup;
			children = (
				E682507F2AC30026001FC8AB /* DateView.swift */,
				E68250812AC3008B001FC8AB /* InfoViewModel.swift */,
				E68250892AC3011A001FC8AB /* TagView.swift */,
				E682508B2AC30130001FC8AB /* FlowLayout.swift */,
			);
			path = Common;
			sourceTree = "<group>";
		};
		E68250952AC30372001FC8AB /* Main */ = {
			isa = PBXGroup;
			children = (
				E68250962AC30377001FC8AB /* Mainview.swift */,
				E68250982AC3038E001FC8AB /* MainViewModel.swift */,
			);
			path = Main;
			sourceTree = "<group>";
		};
/* End PBXGroup section */

/* Begin PBXNativeTarget section */
		E682503F2AC2FAAE001FC8AB /* CV */ = {
			isa = PBXNativeTarget;
			buildConfigurationList = E682504F2AC2FAB0001FC8AB /* Build configuration list for PBXNativeTarget "CV" */;
			buildPhases = (
				E682503C2AC2FAAE001FC8AB /* Sources */,
				E682503D2AC2FAAE001FC8AB /* Frameworks */,
				E682503E2AC2FAAE001FC8AB /* Resources */,
			);
			buildRules = (
			);
			dependencies = (
			);
			name = CV;
			productName = CV;
			productReference = E68250402AC2FAAE001FC8AB /* CV.app */;
			productType = "com.apple.product-type.application";
		};
/* End PBXNativeTarget section */

/* Begin PBXProject section */
		E68250382AC2FAAE001FC8AB /* Project object */ = {
			isa = PBXProject;
			attributes = {
				BuildIndependentTargetsInParallel = 1;
				LastSwiftUpdateCheck = 1500;
				LastUpgradeCheck = 1500;
				TargetAttributes = {
					E682503F2AC2FAAE001FC8AB = {
						CreatedOnToolsVersion = 15.0;
					};
				};
			};
			buildConfigurationList = E682503B2AC2FAAE001FC8AB /* Build configuration list for PBXProject "CV" */;
			compatibilityVersion = "Xcode 14.0";
			developmentRegion = en;
			hasScannedForEncodings = 0;
			knownRegions = (
				en,
				Base,
			);
			mainGroup = E68250372AC2FAAE001FC8AB;
			productRefGroup = E68250412AC2FAAE001FC8AB /* Products */;
			projectDirPath = "";
			projectRoot = "";
			targets = (
				E682503F2AC2FAAE001FC8AB /* CV */,
			);
		};
/* End PBXProject section */

/* Begin PBXResourcesBuildPhase section */
		E682503E2AC2FAAE001FC8AB /* Resources */ = {
			isa = PBXResourcesBuildPhase;
			buildActionMask = 2147483647;
			files = (
				E682509B2AC40A9C001FC8AB /* Launch Screen.storyboard in Resources */,
				E682504C2AC2FAB0001FC8AB /* Preview Assets.xcassets in Resources */,
				E68250482AC2FAB0001FC8AB /* Assets.xcassets in Resources */,
			);
			runOnlyForDeploymentPostprocessing = 0;
		};
/* End PBXResourcesBuildPhase section */

/* Begin PBXSourcesBuildPhase section */
		E682503C2AC2FAAE001FC8AB /* Sources */ = {
			isa = PBXSourcesBuildPhase;
			buildActionMask = 2147483647;
			files = (
				E68250942AC30325001FC8AB /* InterestsViewModel.swift in Sources */,
				E68250882AC30103001FC8AB /* SkillsView.swift in Sources */,
				E682505D2AC2FBC6001FC8AB /* Education.swift in Sources */,
				E68250792AC2FE1E001FC8AB /* Color+Extension.swift in Sources */,
				E68250592AC2FB7E001FC8AB /* Person.swift in Sources */,
				E68250772AC2FD92001FC8AB /* CGFloat+Extension.swift in Sources */,
				E68250652AC2FC10001FC8AB /* Typealiases.swift in Sources */,
				E68250992AC3038E001FC8AB /* MainViewModel.swift in Sources */,
				E682507D2AC2FFD4001FC8AB /* TimelineViewModel.swift in Sources */,
				E68250972AC30377001FC8AB /* Mainview.swift in Sources */,
				E68250862AC300F3001FC8AB /* SkillsViewModel.swift in Sources */,
				E682508C2AC30130001FC8AB /* FlowLayout.swift in Sources */,
				E68250442AC2FAAE001FC8AB /* CVApp.swift in Sources */,
				E682505B2AC2FBBB001FC8AB /* Skill.swift in Sources */,
				E68250752AC2FD65001FC8AB /* HeaderViewModel.swift in Sources */,
				E68250692AC2FC91001FC8AB /* Date+Extension.swift in Sources */,
				E68250572AC2FB72001FC8AB /* Person+me.swift in Sources */,
				E68250922AC30319001FC8AB /* InterestsView.swift in Sources */,
				E682508A2AC3011A001FC8AB /* TagView.swift in Sources */,
				E68250732AC2FD50001FC8AB /* HeaderView.swift in Sources */,
				E682505F2AC2FBD4001FC8AB /* Job.swift in Sources */,
				E68250842AC300B4001FC8AB /* DateFormatter+Extension.swift in Sources */,
				E68250822AC3008B001FC8AB /* InfoViewModel.swift in Sources */,
				E682507B2AC2FFC8001FC8AB /* TimelineView.swift in Sources */,
				E68250672AC2FC21001FC8AB /* ProgrammingLanguage.swift in Sources */,
				E68250802AC30026001FC8AB /* DateView.swift in Sources */,
			);
			runOnlyForDeploymentPostprocessing = 0;
		};
/* End PBXSourcesBuildPhase section */

/* Begin XCBuildConfiguration section */
		E682504D2AC2FAB0001FC8AB /* Debug */ = {
			isa = XCBuildConfiguration;
			buildSettings = {
				ALWAYS_SEARCH_USER_PATHS = NO;
				ASSETCATALOG_COMPILER_GENERATE_SWIFT_ASSET_SYMBOL_EXTENSIONS = YES;
				CLANG_ANALYZER_NONNULL = YES;
				CLANG_ANALYZER_NUMBER_OBJECT_CONVERSION = YES_AGGRESSIVE;
				CLANG_CXX_LANGUAGE_STANDARD = "gnu++20";
				CLANG_ENABLE_MODULES = YES;
				CLANG_ENABLE_OBJC_ARC = YES;
				CLANG_ENABLE_OBJC_WEAK = YES;
				CLANG_WARN_BLOCK_CAPTURE_AUTORELEASING = YES;
				CLANG_WARN_BOOL_CONVERSION = YES;
				CLANG_WARN_COMMA = YES;
				CLANG_WARN_CONSTANT_CONVERSION = YES;
				CLANG_WARN_DEPRECATED_OBJC_IMPLEMENTATIONS = YES;
				CLANG_WARN_DIRECT_OBJC_ISA_USAGE = YES_ERROR;
				CLANG_WARN_DOCUMENTATION_COMMENTS = YES;
				CLANG_WARN_EMPTY_BODY = YES;
				CLANG_WARN_ENUM_CONVERSION = YES;
				CLANG_WARN_INFINITE_RECURSION = YES;
				CLANG_WARN_INT_CONVERSION = YES;
				CLANG_WARN_NON_LITERAL_NULL_CONVERSION = YES;
				CLANG_WARN_OBJC_IMPLICIT_RETAIN_SELF = YES;
				CLANG_WARN_OBJC_LITERAL_CONVERSION = YES;
				CLANG_WARN_OBJC_ROOT_CLASS = YES_ERROR;
				CLANG_WARN_QUOTED_INCLUDE_IN_FRAMEWORK_HEADER = YES;
				CLANG_WARN_RANGE_LOOP_ANALYSIS = YES;
				CLANG_WARN_STRICT_PROTOTYPES = YES;
				CLANG_WARN_SUSPICIOUS_MOVE = YES;
				CLANG_WARN_UNGUARDED_AVAILABILITY = YES_AGGRESSIVE;
				CLANG_WARN_UNREACHABLE_CODE = YES;
				CLANG_WARN__DUPLICATE_METHOD_MATCH = YES;
				COPY_PHASE_STRIP = NO;
				DEBUG_INFORMATION_FORMAT = dwarf;
				ENABLE_STRICT_OBJC_MSGSEND = YES;
				ENABLE_TESTABILITY = YES;
				ENABLE_USER_SCRIPT_SANDBOXING = YES;
				GCC_C_LANGUAGE_STANDARD = gnu17;
				GCC_DYNAMIC_NO_PIC = NO;
				GCC_NO_COMMON_BLOCKS = YES;
				GCC_OPTIMIZATION_LEVEL = 0;
				GCC_PREPROCESSOR_DEFINITIONS = (
					"DEBUG=1",
					"$(inherited)",
				);
				GCC_WARN_64_TO_32_BIT_CONVERSION = YES;
				GCC_WARN_ABOUT_RETURN_TYPE = YES_ERROR;
				GCC_WARN_UNDECLARED_SELECTOR = YES;
				GCC_WARN_UNINITIALIZED_AUTOS = YES_AGGRESSIVE;
				GCC_WARN_UNUSED_FUNCTION = YES;
				GCC_WARN_UNUSED_VARIABLE = YES;
				LOCALIZATION_PREFERS_STRING_CATALOGS = YES;
				MTL_ENABLE_DEBUG_INFO = INCLUDE_SOURCE;
				MTL_FAST_MATH = YES;
				ONLY_ACTIVE_ARCH = YES;
				SWIFT_ACTIVE_COMPILATION_CONDITIONS = "DEBUG $(inherited)";
				SWIFT_OPTIMIZATION_LEVEL = "-Onone";
			};
			name = Debug;
		};
		E682504E2AC2FAB0001FC8AB /* Release */ = {
			isa = XCBuildConfiguration;
			buildSettings = {
				ALWAYS_SEARCH_USER_PATHS = NO;
				ASSETCATALOG_COMPILER_GENERATE_SWIFT_ASSET_SYMBOL_EXTENSIONS = YES;
				CLANG_ANALYZER_NONNULL = YES;
				CLANG_ANALYZER_NUMBER_OBJECT_CONVERSION = YES_AGGRESSIVE;
				CLANG_CXX_LANGUAGE_STANDARD = "gnu++20";
				CLANG_ENABLE_MODULES = YES;
				CLANG_ENABLE_OBJC_ARC = YES;
				CLANG_ENABLE_OBJC_WEAK = YES;
				CLANG_WARN_BLOCK_CAPTURE_AUTORELEASING = YES;
				CLANG_WARN_BOOL_CONVERSION = YES;
				CLANG_WARN_COMMA = YES;
				CLANG_WARN_CONSTANT_CONVERSION = YES;
				CLANG_WARN_DEPRECATED_OBJC_IMPLEMENTATIONS = YES;
				CLANG_WARN_DIRECT_OBJC_ISA_USAGE = YES_ERROR;
				CLANG_WARN_DOCUMENTATION_COMMENTS = YES;
				CLANG_WARN_EMPTY_BODY = YES;
				CLANG_WARN_ENUM_CONVERSION = YES;
				CLANG_WARN_INFINITE_RECURSION = YES;
				CLANG_WARN_INT_CONVERSION = YES;
				CLANG_WARN_NON_LITERAL_NULL_CONVERSION = YES;
				CLANG_WARN_OBJC_IMPLICIT_RETAIN_SELF = YES;
				CLANG_WARN_OBJC_LITERAL_CONVERSION = YES;
				CLANG_WARN_OBJC_ROOT_CLASS = YES_ERROR;
				CLANG_WARN_QUOTED_INCLUDE_IN_FRAMEWORK_HEADER = YES;
				CLANG_WARN_RANGE_LOOP_ANALYSIS = YES;
				CLANG_WARN_STRICT_PROTOTYPES = YES;
				CLANG_WARN_SUSPICIOUS_MOVE = YES;
				CLANG_WARN_UNGUARDED_AVAILABILITY = YES_AGGRESSIVE;
				CLANG_WARN_UNREACHABLE_CODE = YES;
				CLANG_WARN__DUPLICATE_METHOD_MATCH = YES;
				COPY_PHASE_STRIP = NO;
				DEBUG_INFORMATION_FORMAT = "dwarf-with-dsym";
				ENABLE_NS_ASSERTIONS = NO;
				ENABLE_STRICT_OBJC_MSGSEND = YES;
				ENABLE_USER_SCRIPT_SANDBOXING = YES;
				GCC_C_LANGUAGE_STANDARD = gnu17;
				GCC_NO_COMMON_BLOCKS = YES;
				GCC_WARN_64_TO_32_BIT_CONVERSION = YES;
				GCC_WARN_ABOUT_RETURN_TYPE = YES_ERROR;
				GCC_WARN_UNDECLARED_SELECTOR = YES;
				GCC_WARN_UNINITIALIZED_AUTOS = YES_AGGRESSIVE;
				GCC_WARN_UNUSED_FUNCTION = YES;
				GCC_WARN_UNUSED_VARIABLE = YES;
				LOCALIZATION_PREFERS_STRING_CATALOGS = YES;
				MTL_ENABLE_DEBUG_INFO = NO;
				MTL_FAST_MATH = YES;
				SWIFT_COMPILATION_MODE = wholemodule;
			};
			name = Release;
		};
		E68250502AC2FAB0001FC8AB /* Debug */ = {
			isa = XCBuildConfiguration;
			buildSettings = {
				ASSETCATALOG_COMPILER_APPICON_NAME = AppIcon;
				ASSETCATALOG_COMPILER_GLOBAL_ACCENT_COLOR_NAME = AccentColor;
				ASSETCATALOG_COMPILER_INCLUDE_ALL_APPICON_ASSETS = YES;
				CODE_SIGN_ENTITLEMENTS = CV/Resources/CV.entitlements;
				CODE_SIGN_STYLE = Automatic;
				CURRENT_PROJECT_VERSION = 1;
				DEVELOPMENT_ASSET_PATHS = "\"CV/Preview Content\"";
				DEVELOPMENT_TEAM = H2RT38X4Z7;
				ENABLE_HARDENED_RUNTIME = YES;
				ENABLE_PREVIEWS = YES;
				GENERATE_INFOPLIST_FILE = YES;
				"INFOPLIST_KEY_UIApplicationSceneManifest_Generation[sdk=iphoneos*]" = YES;
				"INFOPLIST_KEY_UIApplicationSceneManifest_Generation[sdk=iphonesimulator*]" = YES;
				"INFOPLIST_KEY_UIApplicationSupportsIndirectInputEvents[sdk=iphoneos*]" = YES;
				"INFOPLIST_KEY_UIApplicationSupportsIndirectInputEvents[sdk=iphonesimulator*]" = YES;
				"INFOPLIST_KEY_UILaunchScreen_Generation[sdk=iphoneos*]" = YES;
				"INFOPLIST_KEY_UILaunchScreen_Generation[sdk=iphonesimulator*]" = YES;
				INFOPLIST_KEY_UILaunchStoryboardName = "Launch Screen.storyboard";
				"INFOPLIST_KEY_UIStatusBarStyle[sdk=iphoneos*]" = UIStatusBarStyleDefault;
				"INFOPLIST_KEY_UIStatusBarStyle[sdk=iphonesimulator*]" = UIStatusBarStyleDefault;
				INFOPLIST_KEY_UISupportedInterfaceOrientations_iPad = "UIInterfaceOrientationPortrait UIInterfaceOrientationPortraitUpsideDown UIInterfaceOrientationLandscapeLeft UIInterfaceOrientationLandscapeRight";
				INFOPLIST_KEY_UISupportedInterfaceOrientations_iPhone = "UIInterfaceOrientationPortrait UIInterfaceOrientationLandscapeLeft UIInterfaceOrientationLandscapeRight";
				IPHONEOS_DEPLOYMENT_TARGET = 16.0;
				LD_RUNPATH_SEARCH_PATHS = "@executable_path/Frameworks";
				"LD_RUNPATH_SEARCH_PATHS[sdk=macosx*]" = "@executable_path/../Frameworks";
				MACOSX_DEPLOYMENT_TARGET = 13.4;
				MARKETING_VERSION = 1.0;
				PRODUCT_BUNDLE_IDENTIFIER = io.github.buzruk.CV;
				PRODUCT_NAME = "$(TARGET_NAME)";
				SDKROOT = auto;
				SUPPORTED_PLATFORMS = "iphoneos iphonesimulator macosx";
				SWIFT_EMIT_LOC_STRINGS = YES;
				SWIFT_VERSION = 5.0;
				TARGETED_DEVICE_FAMILY = "1,2";
			};
			name = Debug;
		};
		E68250512AC2FAB0001FC8AB /* Release */ = {
			isa = XCBuildConfiguration;
			buildSettings = {
				ASSETCATALOG_COMPILER_APPICON_NAME = AppIcon;
				ASSETCATALOG_COMPILER_GLOBAL_ACCENT_COLOR_NAME = AccentColor;
				ASSETCATALOG_COMPILER_INCLUDE_ALL_APPICON_ASSETS = YES;
				CODE_SIGN_ENTITLEMENTS = CV/Resources/CV.entitlements;
				CODE_SIGN_STYLE = Automatic;
				CURRENT_PROJECT_VERSION = 1;
				DEVELOPMENT_ASSET_PATHS = "\"CV/Preview Content\"";
				DEVELOPMENT_TEAM = H2RT38X4Z7;
				ENABLE_HARDENED_RUNTIME = YES;
				ENABLE_PREVIEWS = YES;
				GENERATE_INFOPLIST_FILE = YES;
				"INFOPLIST_KEY_UIApplicationSceneManifest_Generation[sdk=iphoneos*]" = YES;
				"INFOPLIST_KEY_UIApplicationSceneManifest_Generation[sdk=iphonesimulator*]" = YES;
				"INFOPLIST_KEY_UIApplicationSupportsIndirectInputEvents[sdk=iphoneos*]" = YES;
				"INFOPLIST_KEY_UIApplicationSupportsIndirectInputEvents[sdk=iphonesimulator*]" = YES;
				"INFOPLIST_KEY_UILaunchScreen_Generation[sdk=iphoneos*]" = YES;
				"INFOPLIST_KEY_UILaunchScreen_Generation[sdk=iphonesimulator*]" = YES;
				INFOPLIST_KEY_UILaunchStoryboardName = "Launch Screen.storyboard";
				"INFOPLIST_KEY_UIStatusBarStyle[sdk=iphoneos*]" = UIStatusBarStyleDefault;
				"INFOPLIST_KEY_UIStatusBarStyle[sdk=iphonesimulator*]" = UIStatusBarStyleDefault;
				INFOPLIST_KEY_UISupportedInterfaceOrientations_iPad = "UIInterfaceOrientationPortrait UIInterfaceOrientationPortraitUpsideDown UIInterfaceOrientationLandscapeLeft UIInterfaceOrientationLandscapeRight";
				INFOPLIST_KEY_UISupportedInterfaceOrientations_iPhone = "UIInterfaceOrientationPortrait UIInterfaceOrientationLandscapeLeft UIInterfaceOrientationLandscapeRight";
				IPHONEOS_DEPLOYMENT_TARGET = 16.0;
				LD_RUNPATH_SEARCH_PATHS = "@executable_path/Frameworks";
				"LD_RUNPATH_SEARCH_PATHS[sdk=macosx*]" = "@executable_path/../Frameworks";
				MACOSX_DEPLOYMENT_TARGET = 13.4;
				MARKETING_VERSION = 1.0;
				PRODUCT_BUNDLE_IDENTIFIER = io.github.buzruk.CV;
				PRODUCT_NAME = "$(TARGET_NAME)";
				SDKROOT = auto;
				SUPPORTED_PLATFORMS = "iphoneos iphonesimulator macosx";
				SWIFT_EMIT_LOC_STRINGS = YES;
				SWIFT_VERSION = 5.0;
				TARGETED_DEVICE_FAMILY = "1,2";
			};
			name = Release;
		};
/* End XCBuildConfiguration section */

/* Begin XCConfigurationList section */
		E682503B2AC2FAAE001FC8AB /* Build configuration list for PBXProject "CV" */ = {
			isa = XCConfigurationList;
			buildConfigurations = (
				E682504D2AC2FAB0001FC8AB /* Debug */,
				E682504E2AC2FAB0001FC8AB /* Release */,
			);
			defaultConfigurationIsVisible = 0;
			defaultConfigurationName = Release;
		};
		E682504F2AC2FAB0001FC8AB /* Build configuration list for PBXNativeTarget "CV" */ = {
			isa = XCConfigurationList;
			buildConfigurations = (
				E68250502AC2FAB0001FC8AB /* Debug */,
				E68250512AC2FAB0001FC8AB /* Release */,
			);
			defaultConfigurationIsVisible = 0;
			defaultConfigurationName = Release;
		};
/* End XCConfigurationList section */
	};
	rootObject = E68250382AC2FAAE001FC8AB /* Project object */;
}
